
Microsoft Visual Studio Solution File, Format Version 12.00
# Visual Studio Version 17
VisualStudioVersion = 17.12.35527.113 d17.12
MinimumVisualStudioVersion = 10.0.40219.1
Project("{FAE04EC0-301F-11D3-BF4B-00C04F79EFBC}") = "Module2BaiSo9_NguyenThanhTung", "Module2BaiSo9_NguyenThanhTung\Module2BaiSo9_NguyenThanhTung.csproj", "{ECA7FDA1-0E0B-484E-A697-9E1B43AB287F}"
EndProject
Global
	GlobalSection(SolutionConfigurationPlatforms) = preSolution
		Debug|Any CPU = Debug|Any CPU
		Release|Any CPU = Release|Any CPU
	EndGlobalSection
	GlobalSection(ProjectConfigurationPlatforms) = postSolution
		{ECA7FDA1-0E0B-484E-A697-9E1B43AB287F}.Debug|Any CPU.ActiveCfg = Debug|Any CPU
		{ECA7FDA1-0E0B-484E-A697-9E1B43AB287F}.Debug|Any CPU.Build.0 = Debug|Any CPU
		{ECA7FDA1-0E0B-484E-A697-9E1B43AB287F}.Release|Any CPU.ActiveCfg = Release|Any CPU
		{ECA7FDA1-0E0B-484E-A697-9E1B43AB287F}.Release|Any CPU.Build.0 = Release|Any CPU
	EndGlobalSection
	GlobalSection(SolutionProperties) = preSolution
		HideSolutionNode = FALSE
	EndGlobalSection
EndGlobal
